
Microsoft Visual Studio Solution File, Format Version 12.00
# Visual Studio 15
VisualStudioVersion = 15.0.28010.2046
MinimumVisualStudioVersion = 10.0.40219.1
Project("{2150E333-8FDC-42A3-9474-1A3956D46DE8}") = "src", "src", "{E23D9026-60FF-4143-AFDA-AFBF5A348A0A}"
EndProject
Project("{9A19103F-16F7-4668-BE54-9A1E7A4F7556}") = "ethereum-csharp-dotnet-malaga-2018", "src\ethereum-aspnet\ethereum-csharp-dotnet-malaga-2018.csproj", "{C5B24F49-E70C-4007-A0E2-48DCE402E63C}"
EndProject
Project("{9A19103F-16F7-4668-BE54-9A1E7A4F7556}") = "smartcontract-deployment-client", "src\smartcontract-deployment-client\smartcontract-deployment-client.csproj", "{F2EF23CA-3B6A-410E-9AD5-20154F234B3B}"
EndProject
Global
	GlobalSection(SolutionConfigurationPlatforms) = preSolution
		Debug|Any CPU = Debug|Any CPU
		Release|Any CPU = Release|Any CPU
	EndGlobalSection
	GlobalSection(ProjectConfigurationPlatforms) = postSolution
		{C5B24F49-E70C-4007-A0E2-48DCE402E63C}.Debug|Any CPU.ActiveCfg = Debug|Any CPU
		{C5B24F49-E70C-4007-A0E2-48DCE402E63C}.Debug|Any CPU.Build.0 = Debug|Any CPU
		{C5B24F49-E70C-4007-A0E2-48DCE402E63C}.Release|Any CPU.ActiveCfg = Release|Any CPU
		{C5B24F49-E70C-4007-A0E2-48DCE402E63C}.Release|Any CPU.Build.0 = Release|Any CPU
		{F2EF23CA-3B6A-410E-9AD5-20154F234B3B}.Debug|Any CPU.ActiveCfg = Debug|Any CPU
		{F2EF23CA-3B6A-410E-9AD5-20154F234B3B}.Debug|Any CPU.Build.0 = Debug|Any CPU
		{F2EF23CA-3B6A-410E-9AD5-20154F234B3B}.Release|Any CPU.ActiveCfg = Release|Any CPU
		{F2EF23CA-3B6A-410E-9AD5-20154F234B3B}.Release|Any CPU.Build.0 = Release|Any CPU
	EndGlobalSection
	GlobalSection(SolutionProperties) = preSolution
		HideSolutionNode = FALSE
	EndGlobalSection
	GlobalSection(NestedProjects) = preSolution
		{C5B24F49-E70C-4007-A0E2-48DCE402E63C} = {E23D9026-60FF-4143-AFDA-AFBF5A348A0A}
		{F2EF23CA-3B6A-410E-9AD5-20154F234B3B} = {E23D9026-60FF-4143-AFDA-AFBF5A348A0A}
	EndGlobalSection
	GlobalSection(ExtensibilityGlobals) = postSolution
		SolutionGuid = {0084A254-11C8-4696-9D98-A9577219D0DA}
	EndGlobalSection
EndGlobal
